
Microsoft Visual Studio Solution File, Format Version 12.00
# Visual Studio 15
VisualStudioVersion = 15.0.26403.7
MinimumVisualStudioVersion = 10.0.40219.1
Project("{FAE04EC0-301F-11D3-BF4B-00C04F79EFBC}") = "ServonController", "ServonController\ServonController.csproj", "{F3CB727A-37B2-48FE-8679-EE2D0FAF5B9E}"
EndProject
Project("{FAE04EC0-301F-11D3-BF4B-00C04F79EFBC}") = "dweis.Rover.Connector", "dweis.Rover.Connector\dweis.Rover.Connector.csproj", "{C2E6DA1A-498A-4FA8-BFCB-4F61DC7C1BF5}"
EndProject
Project("{FAE04EC0-301F-11D3-BF4B-00C04F79EFBC}") = "SimpleRoverController", "SimpleRoverController\SimpleRoverController.csproj", "{C70B994D-F4D0-43EF-9AE2-0A29295FB9EB}"
EndProject
Project("{FAE04EC0-301F-11D3-BF4B-00C04F79EFBC}") = "RoverAndroid", "RoverAndroid\RoverAndroid.csproj", "{DFB3F1EE-A305-49F6-B243-BFCF01CE9247}"
EndProject
Project("{FAE04EC0-301F-11D3-BF4B-00C04F79EFBC}") = "dweis.Rover.Controller", "dweis.Rover.Controller\dweis.Rover.Controller.csproj", "{203CE290-B538-4F48-A286-08DBD70EDDDC}"
EndProject
Project("{FAE04EC0-301F-11D3-BF4B-00C04F79EFBC}") = "dweis.Rover.Console", "dweis.Rover.Console\dweis.Rover.Console.csproj", "{390D8866-CC4D-4F06-9314-B5503FEB6E35}"
EndProject
Global
	GlobalSection(SolutionConfigurationPlatforms) = preSolution
		Debug|Any CPU = Debug|Any CPU
		Release|Any CPU = Release|Any CPU
	EndGlobalSection
	GlobalSection(ProjectConfigurationPlatforms) = postSolution
		{F3CB727A-37B2-48FE-8679-EE2D0FAF5B9E}.Debug|Any CPU.ActiveCfg = Debug|Any CPU
		{F3CB727A-37B2-48FE-8679-EE2D0FAF5B9E}.Debug|Any CPU.Build.0 = Debug|Any CPU
		{F3CB727A-37B2-48FE-8679-EE2D0FAF5B9E}.Release|Any CPU.ActiveCfg = Release|Any CPU
		{F3CB727A-37B2-48FE-8679-EE2D0FAF5B9E}.Release|Any CPU.Build.0 = Release|Any CPU
		{C2E6DA1A-498A-4FA8-BFCB-4F61DC7C1BF5}.Debug|Any CPU.ActiveCfg = Debug|Any CPU
		{C2E6DA1A-498A-4FA8-BFCB-4F61DC7C1BF5}.Debug|Any CPU.Build.0 = Debug|Any CPU
		{C2E6DA1A-498A-4FA8-BFCB-4F61DC7C1BF5}.Release|Any CPU.ActiveCfg = Release|Any CPU
		{C2E6DA1A-498A-4FA8-BFCB-4F61DC7C1BF5}.Release|Any CPU.Build.0 = Release|Any CPU
		{C70B994D-F4D0-43EF-9AE2-0A29295FB9EB}.Debug|Any CPU.ActiveCfg = Debug|Any CPU
		{C70B994D-F4D0-43EF-9AE2-0A29295FB9EB}.Debug|Any CPU.Build.0 = Debug|Any CPU
		{C70B994D-F4D0-43EF-9AE2-0A29295FB9EB}.Release|Any CPU.ActiveCfg = Release|Any CPU
		{C70B994D-F4D0-43EF-9AE2-0A29295FB9EB}.Release|Any CPU.Build.0 = Release|Any CPU
		{DFB3F1EE-A305-49F6-B243-BFCF01CE9247}.Debug|Any CPU.ActiveCfg = Debug|Any CPU
		{DFB3F1EE-A305-49F6-B243-BFCF01CE9247}.Debug|Any CPU.Build.0 = Debug|Any CPU
		{DFB3F1EE-A305-49F6-B243-BFCF01CE9247}.Debug|Any CPU.Deploy.0 = Debug|Any CPU
		{DFB3F1EE-A305-49F6-B243-BFCF01CE9247}.Release|Any CPU.ActiveCfg = Release|Any CPU
		{DFB3F1EE-A305-49F6-B243-BFCF01CE9247}.Release|Any CPU.Build.0 = Release|Any CPU
		{DFB3F1EE-A305-49F6-B243-BFCF01CE9247}.Release|Any CPU.Deploy.0 = Release|Any CPU
		{203CE290-B538-4F48-A286-08DBD70EDDDC}.Debug|Any CPU.ActiveCfg = Debug|Any CPU
		{203CE290-B538-4F48-A286-08DBD70EDDDC}.Debug|Any CPU.Build.0 = Debug|Any CPU
		{203CE290-B538-4F48-A286-08DBD70EDDDC}.Release|Any CPU.ActiveCfg = Release|Any CPU
		{203CE290-B538-4F48-A286-08DBD70EDDDC}.Release|Any CPU.Build.0 = Release|Any CPU
		{390D8866-CC4D-4F06-9314-B5503FEB6E35}.Debug|Any CPU.ActiveCfg = Debug|Any CPU
		{390D8866-CC4D-4F06-9314-B5503FEB6E35}.Debug|Any CPU.Build.0 = Debug|Any CPU
		{390D8866-CC4D-4F06-9314-B5503FEB6E35}.Release|Any CPU.ActiveCfg = Release|Any CPU
		{390D8866-CC4D-4F06-9314-B5503FEB6E35}.Release|Any CPU.Build.0 = Release|Any CPU
	EndGlobalSection
	GlobalSection(SolutionProperties) = preSolution
		HideSolutionNode = FALSE
	EndGlobalSection
EndGlobal
